
Microsoft Visual Studio Solution File, Format Version 12.00
# Visual Studio Version 17
VisualStudioVersion = 17.13.35825.156 d17.13
MinimumVisualStudioVersion = 10.0.40219.1
Project("{FAE04EC0-301F-11D3-BF4B-00C04F79EFBC}") = "project_complier_class_task", "project_complier_class_task.csproj", "{BCC2CDCE-BAC8-4AA4-ACB4-D2A7C62CB25F}"
EndProject
Global
	GlobalSection(SolutionConfigurationPlatforms) = preSolution
		Debug|Any CPU = Debug|Any CPU
		Release|Any CPU = Release|Any CPU
	EndGlobalSection
	GlobalSection(ProjectConfigurationPlatforms) = postSolution
		{BCC2CDCE-BAC8-4AA4-ACB4-D2A7C62CB25F}.Debug|Any CPU.ActiveCfg = Debug|Any CPU
		{BCC2CDCE-BAC8-4AA4-ACB4-D2A7C62CB25F}.Debug|Any CPU.Build.0 = Debug|Any CPU
		{BCC2CDCE-BAC8-4AA4-ACB4-D2A7C62CB25F}.Release|Any CPU.ActiveCfg = Release|Any CPU
		{BCC2CDCE-BAC8-4AA4-ACB4-D2A7C62CB25F}.Release|Any CPU.Build.0 = Release|Any CPU
	EndGlobalSection
	GlobalSection(SolutionProperties) = preSolution
		HideSolutionNode = FALSE
	EndGlobalSection
	GlobalSection(ExtensibilityGlobals) = postSolution
		SolutionGuid = {64A31E86-DD74-4263-89B5-E2F46B2F2F94}
	EndGlobalSection
EndGlobal
